// !$*UTF8*$!
{
	archiveVersion = 1;
	classes = {
	};
	objectVersion = 56;
	objects = {

/* Begin PBXBuildFile section */
		7D1C40A22D4E4EF4006EFF27 /* AppDelegate.swift in Sources */ = {isa = PBXBuildFile; fileRef = 7D1C40A12D4E4EF4006EFF27 /* AppDelegate.swift */; };
		7D1C40A42D4E4EF4006EFF27 /* SceneDelegate.swift in Sources */ = {isa = PBXBuildFile; fileRef = 7D1C40A32D4E4EF4006EFF27 /* SceneDelegate.swift */; };
		7D1C40AB2D4E4EF6006EFF27 /* Assets.xcassets in Resources */ = {isa = PBXBuildFile; fileRef = 7D1C40AA2D4E4EF6006EFF27 /* Assets.xcassets */; };
		7D1C40AE2D4E4EF6006EFF27 /* LaunchScreen.storyboard in Resources */ = {isa = PBXBuildFile; fileRef = 7D1C40AC2D4E4EF6006EFF27 /* LaunchScreen.storyboard */; };
		7D1C41982D4E5C56006EFF27 /* DependencyKit.framework in Frameworks */ = {isa = PBXBuildFile; fileRef = 7D1C41962D4E5C56006EFF27 /* DependencyKit.framework */; };
		7D1C41992D4E5C56006EFF27 /* DependencyKit.framework in Embed Frameworks */ = {isa = PBXBuildFile; fileRef = 7D1C41962D4E5C56006EFF27 /* DependencyKit.framework */; settings = {ATTRIBUTES = (CodeSignOnCopy, RemoveHeadersOnCopy, ); }; };
		7D1C419A2D4E5C56006EFF27 /* OnboardingModule.framework in Frameworks */ = {isa = PBXBuildFile; fileRef = 7D1C41972D4E5C56006EFF27 /* OnboardingModule.framework */; };
		7D1C419B2D4E5C56006EFF27 /* OnboardingModule.framework in Embed Frameworks */ = {isa = PBXBuildFile; fileRef = 7D1C41972D4E5C56006EFF27 /* OnboardingModule.framework */; settings = {ATTRIBUTES = (CodeSignOnCopy, RemoveHeadersOnCopy, ); }; };
		7D1C42562D4E77D6006EFF27 /* Localizable.strings in Resources */ = {isa = PBXBuildFile; fileRef = 7D1C42582D4E77D6006EFF27 /* Localizable.strings */; };
		7D58484D2D50C45E008A530D /* ConfirmCodeModule.framework in Frameworks */ = {isa = PBXBuildFile; fileRef = 7D58484C2D50C45E008A530D /* ConfirmCodeModule.framework */; };
		7D58484E2D50C45E008A530D /* ConfirmCodeModule.framework in Embed Frameworks */ = {isa = PBXBuildFile; fileRef = 7D58484C2D50C45E008A530D /* ConfirmCodeModule.framework */; settings = {ATTRIBUTES = (CodeSignOnCopy, RemoveHeadersOnCopy, ); }; };
		7D67E3892D4F86430026A77D /* EnterPhoneModule.framework in Frameworks */ = {isa = PBXBuildFile; fileRef = 7D67E3882D4F86430026A77D /* EnterPhoneModule.framework */; };
		7D67E38A2D4F86430026A77D /* EnterPhoneModule.framework in Embed Frameworks */ = {isa = PBXBuildFile; fileRef = 7D67E3882D4F86430026A77D /* EnterPhoneModule.framework */; settings = {ATTRIBUTES = (CodeSignOnCopy, RemoveHeadersOnCopy, ); }; };
/* End PBXBuildFile section */

/* Begin PBXCopyFilesBuildPhase section */
		7D1C419C2D4E5C56006EFF27 /* Embed Frameworks */ = {
			isa = PBXCopyFilesBuildPhase;
			buildActionMask = 2147483647;
			dstPath = "";
			dstSubfolderSpec = 10;
			files = (
				7D67E38A2D4F86430026A77D /* EnterPhoneModule.framework in Embed Frameworks */,
				7D1C41992D4E5C56006EFF27 /* DependencyKit.framework in Embed Frameworks */,
				7D58484E2D50C45E008A530D /* ConfirmCodeModule.framework in Embed Frameworks */,
				7D1C419B2D4E5C56006EFF27 /* OnboardingModule.framework in Embed Frameworks */,
			);
			name = "Embed Frameworks";
			runOnlyForDeploymentPostprocessing = 0;
		};
/* End PBXCopyFilesBuildPhase section */

/* Begin PBXFileReference section */
		7D1C409E2D4E4EF4006EFF27 /* TaxiGo.app */ = {isa = PBXFileReference; explicitFileType = wrapper.application; includeInIndex = 0; path = TaxiGo.app; sourceTree = BUILT_PRODUCTS_DIR; };
		7D1C40A12D4E4EF4006EFF27 /* AppDelegate.swift */ = {isa = PBXFileReference; lastKnownFileType = sourcecode.swift; path = AppDelegate.swift; sourceTree = "<group>"; };
		7D1C40A32D4E4EF4006EFF27 /* SceneDelegate.swift */ = {isa = PBXFileReference; lastKnownFileType = sourcecode.swift; path = SceneDelegate.swift; sourceTree = "<group>"; };
		7D1C40AA2D4E4EF6006EFF27 /* Assets.xcassets */ = {isa = PBXFileReference; lastKnownFileType = folder.assetcatalog; path = Assets.xcassets; sourceTree = "<group>"; };
		7D1C40AD2D4E4EF6006EFF27 /* Base */ = {isa = PBXFileReference; lastKnownFileType = file.storyboard; name = Base; path = Base.lproj/LaunchScreen.storyboard; sourceTree = "<group>"; };
		7D1C40AF2D4E4EF6006EFF27 /* Info.plist */ = {isa = PBXFileReference; lastKnownFileType = text.plist.xml; path = Info.plist; sourceTree = "<group>"; };
		7D1C41962D4E5C56006EFF27 /* DependencyKit.framework */ = {isa = PBXFileReference; explicitFileType = wrapper.framework; path = DependencyKit.framework; sourceTree = BUILT_PRODUCTS_DIR; };
		7D1C41972D4E5C56006EFF27 /* OnboardingModule.framework */ = {isa = PBXFileReference; explicitFileType = wrapper.framework; path = OnboardingModule.framework; sourceTree = BUILT_PRODUCTS_DIR; };
		7D1C42432D4E70D9006EFF27 /* tr */ = {isa = PBXFileReference; lastKnownFileType = text.plist.strings; name = tr; path = tr.lproj/LaunchScreen.strings; sourceTree = "<group>"; };
		7D1C42572D4E77D6006EFF27 /* tr */ = {isa = PBXFileReference; lastKnownFileType = text.plist.strings; name = tr; path = tr.lproj/Localizable.strings; sourceTree = "<group>"; };
		7D1C42592D4E77D8006EFF27 /* en */ = {isa = PBXFileReference; lastKnownFileType = text.plist.strings; name = en; path = en.lproj/Localizable.strings; sourceTree = "<group>"; };
		7D1C42862D4E9E5A006EFF27 /* en */ = {isa = PBXFileReference; lastKnownFileType = text.plist.strings; name = en; path = en.lproj/LaunchScreen.strings; sourceTree = "<group>"; };
		7D58484C2D50C45E008A530D /* ConfirmCodeModule.framework */ = {isa = PBXFileReference; explicitFileType = wrapper.framework; path = ConfirmCodeModule.framework; sourceTree = BUILT_PRODUCTS_DIR; };
		7D67E3882D4F86430026A77D /* EnterPhoneModule.framework */ = {isa = PBXFileReference; explicitFileType = wrapper.framework; path = EnterPhoneModule.framework; sourceTree = BUILT_PRODUCTS_DIR; };
/* End PBXFileReference section */

/* Begin PBXFrameworksBuildPhase section */
		7D1C409B2D4E4EF4006EFF27 /* Frameworks */ = {
			isa = PBXFrameworksBuildPhase;
			buildActionMask = 2147483647;
			files = (
				7D67E3892D4F86430026A77D /* EnterPhoneModule.framework in Frameworks */,
				7D1C41982D4E5C56006EFF27 /* DependencyKit.framework in Frameworks */,
				7D58484D2D50C45E008A530D /* ConfirmCodeModule.framework in Frameworks */,
				7D1C419A2D4E5C56006EFF27 /* OnboardingModule.framework in Frameworks */,
			);
			runOnlyForDeploymentPostprocessing = 0;
		};
/* End PBXFrameworksBuildPhase section */

/* Begin PBXGroup section */
		7D1C40952D4E4EF4006EFF27 = {
			isa = PBXGroup;
			children = (
				7D1C40A02D4E4EF4006EFF27 /* TaxiGo */,
				7D1C409F2D4E4EF4006EFF27 /* Products */,
				7D1C41952D4E5C56006EFF27 /* Frameworks */,
			);
			sourceTree = "<group>";
		};
		7D1C409F2D4E4EF4006EFF27 /* Products */ = {
			isa = PBXGroup;
			children = (
				7D1C409E2D4E4EF4006EFF27 /* TaxiGo.app */,
			);
			name = Products;
			sourceTree = "<group>";
		};
		7D1C40A02D4E4EF4006EFF27 /* TaxiGo */ = {
			isa = PBXGroup;
			children = (
				7D1C40A12D4E4EF4006EFF27 /* AppDelegate.swift */,
				7D1C40A32D4E4EF4006EFF27 /* SceneDelegate.swift */,
				7D1C40AA2D4E4EF6006EFF27 /* Assets.xcassets */,
				7D1C40AC2D4E4EF6006EFF27 /* LaunchScreen.storyboard */,
				7D1C40AF2D4E4EF6006EFF27 /* Info.plist */,
				7D1C42582D4E77D6006EFF27 /* Localizable.strings */,
			);
			path = TaxiGo;
			sourceTree = "<group>";
		};
		7D1C41952D4E5C56006EFF27 /* Frameworks */ = {
			isa = PBXGroup;
			children = (
				7D58484C2D50C45E008A530D /* ConfirmCodeModule.framework */,
				7D67E3882D4F86430026A77D /* EnterPhoneModule.framework */,
				7D1C41962D4E5C56006EFF27 /* DependencyKit.framework */,
				7D1C41972D4E5C56006EFF27 /* OnboardingModule.framework */,
			);
			name = Frameworks;
			sourceTree = "<group>";
		};
/* End PBXGroup section */

/* Begin PBXNativeTarget section */
		7D1C409D2D4E4EF4006EFF27 /* TaxiGo */ = {
			isa = PBXNativeTarget;
			buildConfigurationList = 7D1C40B22D4E4EF6006EFF27 /* Build configuration list for PBXNativeTarget "TaxiGo" */;
			buildPhases = (
				7D1C409A2D4E4EF4006EFF27 /* Sources */,
				7D1C409B2D4E4EF4006EFF27 /* Frameworks */,
				7D1C409C2D4E4EF4006EFF27 /* Resources */,
				7D1C419C2D4E5C56006EFF27 /* Embed Frameworks */,
			);
			buildRules = (
			);
			dependencies = (
			);
			name = TaxiGo;
			packageProductDependencies = (
			);
			productName = TaxiGo;
			productReference = 7D1C409E2D4E4EF4006EFF27 /* TaxiGo.app */;
			productType = "com.apple.product-type.application";
		};
/* End PBXNativeTarget section */

/* Begin PBXProject section */
		7D1C40962D4E4EF4006EFF27 /* Project object */ = {
			isa = PBXProject;
			attributes = {
				BuildIndependentTargetsInParallel = 1;
				LastSwiftUpdateCheck = 1500;
				LastUpgradeCheck = 1500;
				TargetAttributes = {
					7D1C409D2D4E4EF4006EFF27 = {
						CreatedOnToolsVersion = 15.0;
					};
				};
			};
			buildConfigurationList = 7D1C40992D4E4EF4006EFF27 /* Build configuration list for PBXProject "TaxiGo" */;
			compatibilityVersion = "Xcode 14.0";
			developmentRegion = en;
			hasScannedForEncodings = 0;
			knownRegions = (
				en,
				Base,
				tr,
			);
			mainGroup = 7D1C40952D4E4EF4006EFF27;
			packageReferences = (
			);
			productRefGroup = 7D1C409F2D4E4EF4006EFF27 /* Products */;
			projectDirPath = "";
			projectRoot = "";
			targets = (
				7D1C409D2D4E4EF4006EFF27 /* TaxiGo */,
			);
		};
/* End PBXProject section */

/* Begin PBXResourcesBuildPhase section */
		7D1C409C2D4E4EF4006EFF27 /* Resources */ = {
			isa = PBXResourcesBuildPhase;
			buildActionMask = 2147483647;
			files = (
				7D1C40AE2D4E4EF6006EFF27 /* LaunchScreen.storyboard in Resources */,
				7D1C42562D4E77D6006EFF27 /* Localizable.strings in Resources */,
				7D1C40AB2D4E4EF6006EFF27 /* Assets.xcassets in Resources */,
			);
			runOnlyForDeploymentPostprocessing = 0;
		};
/* End PBXResourcesBuildPhase section */

/* Begin PBXSourcesBuildPhase section */
		7D1C409A2D4E4EF4006EFF27 /* Sources */ = {
			isa = PBXSourcesBuildPhase;
			buildActionMask = 2147483647;
			files = (
				7D1C40A22D4E4EF4006EFF27 /* AppDelegate.swift in Sources */,
				7D1C40A42D4E4EF4006EFF27 /* SceneDelegate.swift in Sources */,
			);
			runOnlyForDeploymentPostprocessing = 0;
		};
/* End PBXSourcesBuildPhase section */

/* Begin PBXVariantGroup section */
		7D1C40AC2D4E4EF6006EFF27 /* LaunchScreen.storyboard */ = {
			isa = PBXVariantGroup;
			children = (
				7D1C40AD2D4E4EF6006EFF27 /* Base */,
				7D1C42432D4E70D9006EFF27 /* tr */,
				7D1C42862D4E9E5A006EFF27 /* en */,
			);
			name = LaunchScreen.storyboard;
			sourceTree = "<group>";
		};
		7D1C42582D4E77D6006EFF27 /* Localizable.strings */ = {
			isa = PBXVariantGroup;
			children = (
				7D1C42572D4E77D6006EFF27 /* tr */,
				7D1C42592D4E77D8006EFF27 /* en */,
			);
			name = Localizable.strings;
			sourceTree = "<group>";
		};
/* End PBXVariantGroup section */

/* Begin XCBuildConfiguration section */
		7D1C40B02D4E4EF6006EFF27 /* Debug */ = {
			isa = XCBuildConfiguration;
			buildSettings = {
				ALWAYS_SEARCH_USER_PATHS = NO;
				ASSETCATALOG_COMPILER_GENERATE_SWIFT_ASSET_SYMBOL_EXTENSIONS = YES;
				CLANG_ANALYZER_LOCALIZABILITY_NONLOCALIZED = YES;
				CLANG_ANALYZER_NONNULL = YES;
				CLANG_ANALYZER_NUMBER_OBJECT_CONVERSION = YES_AGGRESSIVE;
				CLANG_CXX_LANGUAGE_STANDARD = "gnu++20";
				CLANG_ENABLE_MODULES = YES;
				CLANG_ENABLE_OBJC_ARC = YES;
				CLANG_ENABLE_OBJC_WEAK = YES;
				CLANG_WARN_BLOCK_CAPTURE_AUTORELEASING = YES;
				CLANG_WARN_BOOL_CONVERSION = YES;
				CLANG_WARN_COMMA = YES;
				CLANG_WARN_CONSTANT_CONVERSION = YES;
				CLANG_WARN_DEPRECATED_OBJC_IMPLEMENTATIONS = YES;
				CLANG_WARN_DIRECT_OBJC_ISA_USAGE = YES_ERROR;
				CLANG_WARN_DOCUMENTATION_COMMENTS = YES;
				CLANG_WARN_EMPTY_BODY = YES;
				CLANG_WARN_ENUM_CONVERSION = YES;
				CLANG_WARN_INFINITE_RECURSION = YES;
				CLANG_WARN_INT_CONVERSION = YES;
				CLANG_WARN_NON_LITERAL_NULL_CONVERSION = YES;
				CLANG_WARN_OBJC_IMPLICIT_RETAIN_SELF = YES;
				CLANG_WARN_OBJC_LITERAL_CONVERSION = YES;
				CLANG_WARN_OBJC_ROOT_CLASS = YES_ERROR;
				CLANG_WARN_QUOTED_INCLUDE_IN_FRAMEWORK_HEADER = YES;
				CLANG_WARN_RANGE_LOOP_ANALYSIS = YES;
				CLANG_WARN_STRICT_PROTOTYPES = YES;
				CLANG_WARN_SUSPICIOUS_MOVE = YES;
				CLANG_WARN_UNGUARDED_AVAILABILITY = YES_AGGRESSIVE;
				CLANG_WARN_UNREACHABLE_CODE = YES;
				CLANG_WARN__DUPLICATE_METHOD_MATCH = YES;
				COPY_PHASE_STRIP = NO;
				DEBUG_INFORMATION_FORMAT = dwarf;
				ENABLE_STRICT_OBJC_MSGSEND = YES;
				ENABLE_TESTABILITY = YES;
				ENABLE_USER_SCRIPT_SANDBOXING = YES;
				GCC_C_LANGUAGE_STANDARD = gnu17;
				GCC_DYNAMIC_NO_PIC = NO;
				GCC_NO_COMMON_BLOCKS = YES;
				GCC_OPTIMIZATION_LEVEL = 0;
				GCC_PREPROCESSOR_DEFINITIONS = (
					"DEBUG=1",
					"$(inherited)",
				);
				GCC_WARN_64_TO_32_BIT_CONVERSION = YES;
				GCC_WARN_ABOUT_RETURN_TYPE = YES_ERROR;
				GCC_WARN_UNDECLARED_SELECTOR = YES;
				GCC_WARN_UNINITIALIZED_AUTOS = YES_AGGRESSIVE;
				GCC_WARN_UNUSED_FUNCTION = YES;
				GCC_WARN_UNUSED_VARIABLE = YES;
				IPHONEOS_DEPLOYMENT_TARGET = 17.0;
				LOCALIZATION_PREFERS_STRING_CATALOGS = YES;
				MTL_ENABLE_DEBUG_INFO = INCLUDE_SOURCE;
				MTL_FAST_MATH = YES;
				ONLY_ACTIVE_ARCH = YES;
				SDKROOT = iphoneos;
				SWIFT_ACTIVE_COMPILATION_CONDITIONS = "DEBUG $(inherited)";
				SWIFT_OPTIMIZATION_LEVEL = "-Onone";
			};
			name = Debug;
		};
		7D1C40B12D4E4EF6006EFF27 /* Release */ = {
			isa = XCBuildConfiguration;
			buildSettings = {
				ALWAYS_SEARCH_USER_PATHS = NO;
				ASSETCATALOG_COMPILER_GENERATE_SWIFT_ASSET_SYMBOL_EXTENSIONS = YES;
				CLANG_ANALYZER_LOCALIZABILITY_NONLOCALIZED = YES;
				CLANG_ANALYZER_NONNULL = YES;
				CLANG_ANALYZER_NUMBER_OBJECT_CONVERSION = YES_AGGRESSIVE;
				CLANG_CXX_LANGUAGE_STANDARD = "gnu++20";
				CLANG_ENABLE_MODULES = YES;
				CLANG_ENABLE_OBJC_ARC = YES;
				CLANG_ENABLE_OBJC_WEAK = YES;
				CLANG_WARN_BLOCK_CAPTURE_AUTORELEASING = YES;
				CLANG_WARN_BOOL_CONVERSION = YES;
				CLANG_WARN_COMMA = YES;
				CLANG_WARN_CONSTANT_CONVERSION = YES;
				CLANG_WARN_DEPRECATED_OBJC_IMPLEMENTATIONS = YES;
				CLANG_WARN_DIRECT_OBJC_ISA_USAGE = YES_ERROR;
				CLANG_WARN_DOCUMENTATION_COMMENTS = YES;
				CLANG_WARN_EMPTY_BODY = YES;
				CLANG_WARN_ENUM_CONVERSION = YES;
				CLANG_WARN_INFINITE_RECURSION = YES;
				CLANG_WARN_INT_CONVERSION = YES;
				CLANG_WARN_NON_LITERAL_NULL_CONVERSION = YES;
				CLANG_WARN_OBJC_IMPLICIT_RETAIN_SELF = YES;
				CLANG_WARN_OBJC_LITERAL_CONVERSION = YES;
				CLANG_WARN_OBJC_ROOT_CLASS = YES_ERROR;
				CLANG_WARN_QUOTED_INCLUDE_IN_FRAMEWORK_HEADER = YES;
				CLANG_WARN_RANGE_LOOP_ANALYSIS = YES;
				CLANG_WARN_STRICT_PROTOTYPES = YES;
				CLANG_WARN_SUSPICIOUS_MOVE = YES;
				CLANG_WARN_UNGUARDED_AVAILABILITY = YES_AGGRESSIVE;
				CLANG_WARN_UNREACHABLE_CODE = YES;
				CLANG_WARN__DUPLICATE_METHOD_MATCH = YES;
				COPY_PHASE_STRIP = NO;
				DEBUG_INFORMATION_FORMAT = "dwarf-with-dsym";
				ENABLE_NS_ASSERTIONS = NO;
				ENABLE_STRICT_OBJC_MSGSEND = YES;
				ENABLE_USER_SCRIPT_SANDBOXING = YES;
				GCC_C_LANGUAGE_STANDARD = gnu17;
				GCC_NO_COMMON_BLOCKS = YES;
				GCC_WARN_64_TO_32_BIT_CONVERSION = YES;
				GCC_WARN_ABOUT_RETURN_TYPE = YES_ERROR;
				GCC_WARN_UNDECLARED_SELECTOR = YES;
				GCC_WARN_UNINITIALIZED_AUTOS = YES_AGGRESSIVE;
				GCC_WARN_UNUSED_FUNCTION = YES;
				GCC_WARN_UNUSED_VARIABLE = YES;
				IPHONEOS_DEPLOYMENT_TARGET = 17.0;
				LOCALIZATION_PREFERS_STRING_CATALOGS = YES;
				MTL_ENABLE_DEBUG_INFO = NO;
				MTL_FAST_MATH = YES;
				SDKROOT = iphoneos;
				SWIFT_COMPILATION_MODE = wholemodule;
				VALIDATE_PRODUCT = YES;
			};
			name = Release;
		};
		7D1C40B32D4E4EF6006EFF27 /* Debug */ = {
			isa = XCBuildConfiguration;
			buildSettings = {
				ASSETCATALOG_COMPILER_APPICON_NAME = AppIcon;
				ASSETCATALOG_COMPILER_GLOBAL_ACCENT_COLOR_NAME = AccentColor;
				CODE_SIGN_STYLE = Automatic;
				CURRENT_PROJECT_VERSION = 1;
				DEVELOPMENT_TEAM = 45DX68AP4J;
				GENERATE_INFOPLIST_FILE = YES;
				INFOPLIST_FILE = TaxiGo/Info.plist;
				INFOPLIST_KEY_UIApplicationSupportsIndirectInputEvents = YES;
				INFOPLIST_KEY_UILaunchStoryboardName = LaunchScreen;
				INFOPLIST_KEY_UISupportedInterfaceOrientations_iPad = "UIInterfaceOrientationPortrait UIInterfaceOrientationPortraitUpsideDown UIInterfaceOrientationLandscapeLeft UIInterfaceOrientationLandscapeRight";
				INFOPLIST_KEY_UISupportedInterfaceOrientations_iPhone = "UIInterfaceOrientationPortrait UIInterfaceOrientationLandscapeLeft UIInterfaceOrientationLandscapeRight";
				LD_RUNPATH_SEARCH_PATHS = (
					"$(inherited)",
					"@executable_path/Frameworks",
				);
				MARKETING_VERSION = 1.0;
				PRODUCT_BUNDLE_IDENTIFIER = engingulek.TaxiGo;
				PRODUCT_NAME = "$(TARGET_NAME)";
				SWIFT_EMIT_LOC_STRINGS = YES;
				SWIFT_VERSION = 5.0;
				TARGETED_DEVICE_FAMILY = "1,2";
			};
			name = Debug;
		};
		7D1C40B42D4E4EF6006EFF27 /* Release */ = {
			isa = XCBuildConfiguration;
			buildSettings = {
				ASSETCATALOG_COMPILER_APPICON_NAME = AppIcon;
				ASSETCATALOG_COMPILER_GLOBAL_ACCENT_COLOR_NAME = AccentColor;
				CODE_SIGN_STYLE = Automatic;
				CURRENT_PROJECT_VERSION = 1;
				DEVELOPMENT_TEAM = 45DX68AP4J;
				GENERATE_INFOPLIST_FILE = YES;
				INFOPLIST_FILE = TaxiGo/Info.plist;
				INFOPLIST_KEY_UIApplicationSupportsIndirectInputEvents = YES;
				INFOPLIST_KEY_UILaunchStoryboardName = LaunchScreen;
				INFOPLIST_KEY_UISupportedInterfaceOrientations_iPad = "UIInterfaceOrientationPortrait UIInterfaceOrientationPortraitUpsideDown UIInterfaceOrientationLandscapeLeft UIInterfaceOrientationLandscapeRight";
				INFOPLIST_KEY_UISupportedInterfaceOrientations_iPhone = "UIInterfaceOrientationPortrait UIInterfaceOrientationLandscapeLeft UIInterfaceOrientationLandscapeRight";
				LD_RUNPATH_SEARCH_PATHS = (
					"$(inherited)",
					"@executable_path/Frameworks",
				);
				MARKETING_VERSION = 1.0;
				PRODUCT_BUNDLE_IDENTIFIER = engingulek.TaxiGo;
				PRODUCT_NAME = "$(TARGET_NAME)";
				SWIFT_EMIT_LOC_STRINGS = YES;
				SWIFT_VERSION = 5.0;
				TARGETED_DEVICE_FAMILY = "1,2";
			};
			name = Release;
		};
/* End XCBuildConfiguration section */

/* Begin XCConfigurationList section */
		7D1C40992D4E4EF4006EFF27 /* Build configuration list for PBXProject "TaxiGo" */ = {
			isa = XCConfigurationList;
			buildConfigurations = (
				7D1C40B02D4E4EF6006EFF27 /* Debug */,
				7D1C40B12D4E4EF6006EFF27 /* Release */,
			);
			defaultConfigurationIsVisible = 0;
			defaultConfigurationName = Release;
		};
		7D1C40B22D4E4EF6006EFF27 /* Build configuration list for PBXNativeTarget "TaxiGo" */ = {
			isa = XCConfigurationList;
			buildConfigurations = (
				7D1C40B32D4E4EF6006EFF27 /* Debug */,
				7D1C40B42D4E4EF6006EFF27 /* Release */,
			);
			defaultConfigurationIsVisible = 0;
			defaultConfigurationName = Release;
		};
/* End XCConfigurationList section */
	};
	rootObject = 7D1C40962D4E4EF4006EFF27 /* Project object */;
}
